
Microsoft Visual Studio Solution File, Format Version 12.00
# Visual Studio Version 17
VisualStudioVersion = 17.11.35222.181
MinimumVisualStudioVersion = 10.0.40219.1
Project("{9A19103F-16F7-4668-BE54-9A1E7A4F7556}") = "AuthenticationApplication", "AuthenticationApplication\AuthenticationApplication.csproj", "{518B3F85-8081-45CB-AB10-02D0EF62DACE}"
EndProject
Project("{9A19103F-16F7-4668-BE54-9A1E7A4F7556}") = "Blog.API", "ProfileApplication\Blog.API.csproj", "{1B88B955-9EF6-4174-8EB8-FACAD2932FEF}"
EndProject
Project("{9A19103F-16F7-4668-BE54-9A1E7A4F7556}") = "Blog.Domain", "Profile.Domain\Blog.Domain.csproj", "{677A44D9-2AC8-4551-A32E-D59660451616}"
EndProject
Project("{9A19103F-16F7-4668-BE54-9A1E7A4F7556}") = "Shared", "Shared\Shared.csproj", "{AC4A61AC-B1D4-4AF5-BFD7-5438C9397916}"
EndProject
Project("{9A19103F-16F7-4668-BE54-9A1E7A4F7556}") = "Blog.Persistence", "Profile.Persistence\Blog.Persistence.csproj", "{9CBAC222-8BF2-4A7C-98F6-9385D6DE8770}"
EndProject
Project("{9A19103F-16F7-4668-BE54-9A1E7A4F7556}") = "Blog.Service", "Profile.Service\Blog.Service.csproj", "{66717701-6C71-46C4-B70B-67E997026426}"
EndProject
Project("{9A19103F-16F7-4668-BE54-9A1E7A4F7556}") = "Authentication.Domain", "Authentication.Domain\Authentication.Domain.csproj", "{DA775968-8932-4192-9599-9093F3A21311}"
EndProject
Project("{9A19103F-16F7-4668-BE54-9A1E7A4F7556}") = "Authentication.Peristence", "Authentication.Peristence\Authentication.Peristence.csproj", "{8906C390-ED53-47E1-9144-DEB8933E27EB}"
EndProject
Project("{9A19103F-16F7-4668-BE54-9A1E7A4F7556}") = "Infrastructure", "Infrastructure\Infrastructure.csproj", "{8059C730-9FE6-4A6B-9013-1DF5F2A0FC5C}"
EndProject
Project("{9A19103F-16F7-4668-BE54-9A1E7A4F7556}") = "Authentication.Service", "Authentication.Service\Authentication.Service.csproj", "{FFD4931F-5C93-45B4-AAD0-FE8B951D31E2}"
EndProject
Project("{9A19103F-16F7-4668-BE54-9A1E7A4F7556}") = "Authentication.Test", "Authentication.Test\Authentication.Test.csproj", "{024BA0A7-362C-416D-8CD7-14E71ABBE212}"
EndProject
Project("{9A19103F-16F7-4668-BE54-9A1E7A4F7556}") = "Recommendation.Application", "VideoChannel.Application\Recommendation.Application.csproj", "{5F8C10B5-5F5C-404E-9F03-E5416479FF18}"
EndProject
Project("{2150E333-8FDC-42A3-9474-1A3956D46DE8}") = "Элементы решения", "Элементы решения", "{46B45E6F-2994-42A8-9FEB-69C8D854785E}"
	ProjectSection(SolutionItems) = preProject
		docker-compose.yml = docker-compose.yml
	EndProjectSection
EndProject
Project("{2150E333-8FDC-42A3-9474-1A3956D46DE8}") = "nginx", "nginx", "{7BA53BDB-F42A-4016-AD99-C25468CDDAC8}"
	ProjectSection(SolutionItems) = preProject
		nginx-frontend-dev.conf = nginx-frontend-dev.conf
		nginx.local-debug.conf = nginx.local-debug.conf
	EndProjectSection
EndProject
Project("{9A19103F-16F7-4668-BE54-9A1E7A4F7556}") = "Profile.Test", "Profile.Test\Profile.Test.csproj", "{A650D071-A346-4308-9C7D-D2AF36278CFF}"
EndProject
Project("{9A19103F-16F7-4668-BE54-9A1E7A4F7556}") = "FileStorage.Service", "FileStorage.Service\FileStorage.Service.csproj", "{F831B7E5-8E32-4380-A8BC-3D1CEDA928FD}"
EndProject
Project("{9A19103F-16F7-4668-BE54-9A1E7A4F7556}") = "FFmpeg.Service", "FFmpeg.Service\FFmpeg.Service.csproj", "{469FD922-1496-411D-986E-48F711AB0DEA}"
EndProject
Project("{FAE04EC0-301F-11D3-BF4B-00C04F79EFBC}") = "VideoView.Application", "Video.Application\VideoView.Application.csproj", "{9A96ABF8-0C6A-4A14-91AD-8105C4B67762}"
EndProject
Project("{FAE04EC0-301F-11D3-BF4B-00C04F79EFBC}") = "Video.Domain", "Video.Domain\Video.Domain.csproj", "{8A4E7CDD-07E8-4399-B5C4-2004A39489E9}"
EndProject
Project("{FAE04EC0-301F-11D3-BF4B-00C04F79EFBC}") = "Video.Service", "Video.Service\Video.Service.csproj", "{137E92AE-B1AD-4F9F-A92E-3398A42AAE1E}"
EndProject
Project("{FAE04EC0-301F-11D3-BF4B-00C04F79EFBC}") = "Video.Persistence", "Video.Persistence\Video.Persistence.csproj", "{42693521-51AC-4235-9929-D4CCD10D03E1}"
EndProject
Project("{FAE04EC0-301F-11D3-BF4B-00C04F79EFBC}") = "Recommendation.Service", "Blog.Service\Recommendation.Service.csproj", "{E655E964-5926-4B1F-8289-86A2B2AD0997}"
EndProject
Project("{FAE04EC0-301F-11D3-BF4B-00C04F79EFBC}") = "MessageBus", "MessageBus\MessageBus.csproj", "{1B48286F-2E48-4928-9108-00F2DE377D38}"
EndProject
Project("{FAE04EC0-301F-11D3-BF4B-00C04F79EFBC}") = "ReactionProcessing.Cli", "ReactionProcessing.Cli\ReactionProcessing.Cli.csproj", "{71D55BD9-EC32-43A2-BD32-8C5943F6E360}"
EndProject
Project("{FAE04EC0-301F-11D3-BF4B-00C04F79EFBC}") = "MessageBus.Shared", "MessageBus.Shared\MessageBus.Shared.csproj", "{B9B73095-B069-4E9B-89A5-D9022BDEAD86}"
EndProject
Project("{FAE04EC0-301F-11D3-BF4B-00C04F79EFBC}") = "Conference.Domain", "Conference.Domain\Conference.Domain.csproj", "{AC678521-224B-4338-989E-C5D32320C44C}"
EndProject
Project("{FAE04EC0-301F-11D3-BF4B-00C04F79EFBC}") = "Conference.Persistence", "Conference.Persistence\Conference.Persistence.csproj", "{CE444CF4-3338-4497-9D55-9DAB8E1252F6}"
EndProject
Project("{FAE04EC0-301F-11D3-BF4B-00C04F79EFBC}") = "Conference.Service", "Conference.Service\Conference.Service.csproj", "{DA63FFA2-78A6-4ABB-87F5-0015093A4211}"
EndProject
Project("{FAE04EC0-301F-11D3-BF4B-00C04F79EFBC}") = "Conference.API", "Conference.API\Conference.API.csproj", "{BAE8F399-3CA2-46DF-933F-A9784804410A}"
EndProject
Project("{2150E333-8FDC-42A3-9474-1A3956D46DE8}") = "BlogService", "BlogService", "{4C3204E5-80AA-444F-8BBE-2844F3C33A0A}"
EndProject
Project("{2150E333-8FDC-42A3-9474-1A3956D46DE8}") = "AuthService", "AuthService", "{2F412D8A-52D9-471B-A60E-118733AC4B4A}"
EndProject
Project("{2150E333-8FDC-42A3-9474-1A3956D46DE8}") = "ConferenceService", "ConferenceService", "{A34B1921-D692-4A4B-872E-9B21917B0134}"
EndProject
Project("{2150E333-8FDC-42A3-9474-1A3956D46DE8}") = "VideoService", "VideoService", "{53B52AA1-42C2-4FA1-A9C0-E47EC0A7E18F}"
EndProject
Project("{2150E333-8FDC-42A3-9474-1A3956D46DE8}") = "RecommendationService", "RecommendationService", "{36D591C7-65C7-A0D1-1CBC-10CDE441BDC8}"
EndProject
Project("{2150E333-8FDC-42A3-9474-1A3956D46DE8}") = "Common", "Common", "{A3FC3B7B-AC51-453A-BC27-D03A0DBDC740}"
EndProject
Project("{FAE04EC0-301F-11D3-BF4B-00C04F79EFBC}") = "VideoProcessing.Cli", "VideoProcessing.Cli\VideoProcessing.Cli.csproj", "{0294A8BB-C40D-227D-FFE9-F2F3E6A0A89B}"
EndProject
Project("{FAE04EC0-301F-11D3-BF4B-00C04F79EFBC}") = "ViewReacting.Domain", "ViewReactingService\ViewReacting.Domain\ViewReacting.Domain.csproj", "{AB4DA132-A80F-4024-9942-02D09B303F84}"
EndProject
Project("{2150E333-8FDC-42A3-9474-1A3956D46DE8}") = "ViewReactingService", "ViewReactingService", "{96D77ACD-07C9-4B1C-9917-3FE2B715C042}"
EndProject
Project("{FAE04EC0-301F-11D3-BF4B-00C04F79EFBC}") = "VideoReacting.API", "ViewReactingService\VideoReacting.API\VideoReacting.API.csproj", "{897C553C-1BAD-4512-A727-5CC00649F5EC}"
EndProject
Project("{FAE04EC0-301F-11D3-BF4B-00C04F79EFBC}") = "VideoReacting.Persistence", "ViewReactingService\VideoReacting.Persistence\VideoReacting.Persistence.csproj", "{2A719AA6-294D-D9D1-BA70-15101C6A2713}"
EndProject
Project("{FAE04EC0-301F-11D3-BF4B-00C04F79EFBC}") = "VideoReacting.Service", "ViewReactingService\VideoReacting.Service\VideoReacting.Service.csproj", "{D0854546-C5C7-460A-9A53-CDFAE52D8A8A}"
EndProject
Global
	GlobalSection(SolutionConfigurationPlatforms) = preSolution
		Debug|Any CPU = Debug|Any CPU
		Release|Any CPU = Release|Any CPU
	EndGlobalSection
	GlobalSection(ProjectConfigurationPlatforms) = postSolution
		{518B3F85-8081-45CB-AB10-02D0EF62DACE}.Debug|Any CPU.ActiveCfg = Debug|Any CPU
		{518B3F85-8081-45CB-AB10-02D0EF62DACE}.Debug|Any CPU.Build.0 = Debug|Any CPU
		{518B3F85-8081-45CB-AB10-02D0EF62DACE}.Release|Any CPU.ActiveCfg = Release|Any CPU
		{518B3F85-8081-45CB-AB10-02D0EF62DACE}.Release|Any CPU.Build.0 = Release|Any CPU
		{1B88B955-9EF6-4174-8EB8-FACAD2932FEF}.Debug|Any CPU.ActiveCfg = Debug|Any CPU
		{1B88B955-9EF6-4174-8EB8-FACAD2932FEF}.Debug|Any CPU.Build.0 = Debug|Any CPU
		{1B88B955-9EF6-4174-8EB8-FACAD2932FEF}.Release|Any CPU.ActiveCfg = Release|Any CPU
		{1B88B955-9EF6-4174-8EB8-FACAD2932FEF}.Release|Any CPU.Build.0 = Release|Any CPU
		{677A44D9-2AC8-4551-A32E-D59660451616}.Debug|Any CPU.ActiveCfg = Debug|Any CPU
		{677A44D9-2AC8-4551-A32E-D59660451616}.Debug|Any CPU.Build.0 = Debug|Any CPU
		{677A44D9-2AC8-4551-A32E-D59660451616}.Release|Any CPU.ActiveCfg = Release|Any CPU
		{677A44D9-2AC8-4551-A32E-D59660451616}.Release|Any CPU.Build.0 = Release|Any CPU
		{AC4A61AC-B1D4-4AF5-BFD7-5438C9397916}.Debug|Any CPU.ActiveCfg = Debug|Any CPU
		{AC4A61AC-B1D4-4AF5-BFD7-5438C9397916}.Debug|Any CPU.Build.0 = Debug|Any CPU
		{AC4A61AC-B1D4-4AF5-BFD7-5438C9397916}.Release|Any CPU.ActiveCfg = Release|Any CPU
		{AC4A61AC-B1D4-4AF5-BFD7-5438C9397916}.Release|Any CPU.Build.0 = Release|Any CPU
		{9CBAC222-8BF2-4A7C-98F6-9385D6DE8770}.Debug|Any CPU.ActiveCfg = Debug|Any CPU
		{9CBAC222-8BF2-4A7C-98F6-9385D6DE8770}.Debug|Any CPU.Build.0 = Debug|Any CPU
		{9CBAC222-8BF2-4A7C-98F6-9385D6DE8770}.Release|Any CPU.ActiveCfg = Release|Any CPU
		{9CBAC222-8BF2-4A7C-98F6-9385D6DE8770}.Release|Any CPU.Build.0 = Release|Any CPU
		{66717701-6C71-46C4-B70B-67E997026426}.Debug|Any CPU.ActiveCfg = Debug|Any CPU
		{66717701-6C71-46C4-B70B-67E997026426}.Debug|Any CPU.Build.0 = Debug|Any CPU
		{66717701-6C71-46C4-B70B-67E997026426}.Release|Any CPU.ActiveCfg = Release|Any CPU
		{66717701-6C71-46C4-B70B-67E997026426}.Release|Any CPU.Build.0 = Release|Any CPU
		{DA775968-8932-4192-9599-9093F3A21311}.Debug|Any CPU.ActiveCfg = Debug|Any CPU
		{DA775968-8932-4192-9599-9093F3A21311}.Debug|Any CPU.Build.0 = Debug|Any CPU
		{DA775968-8932-4192-9599-9093F3A21311}.Release|Any CPU.ActiveCfg = Release|Any CPU
		{DA775968-8932-4192-9599-9093F3A21311}.Release|Any CPU.Build.0 = Release|Any CPU
		{8906C390-ED53-47E1-9144-DEB8933E27EB}.Debug|Any CPU.ActiveCfg = Debug|Any CPU
		{8906C390-ED53-47E1-9144-DEB8933E27EB}.Debug|Any CPU.Build.0 = Debug|Any CPU
		{8906C390-ED53-47E1-9144-DEB8933E27EB}.Release|Any CPU.ActiveCfg = Release|Any CPU
		{8906C390-ED53-47E1-9144-DEB8933E27EB}.Release|Any CPU.Build.0 = Release|Any CPU
		{8059C730-9FE6-4A6B-9013-1DF5F2A0FC5C}.Debug|Any CPU.ActiveCfg = Debug|Any CPU
		{8059C730-9FE6-4A6B-9013-1DF5F2A0FC5C}.Debug|Any CPU.Build.0 = Debug|Any CPU
		{8059C730-9FE6-4A6B-9013-1DF5F2A0FC5C}.Release|Any CPU.ActiveCfg = Release|Any CPU
		{8059C730-9FE6-4A6B-9013-1DF5F2A0FC5C}.Release|Any CPU.Build.0 = Release|Any CPU
		{FFD4931F-5C93-45B4-AAD0-FE8B951D31E2}.Debug|Any CPU.ActiveCfg = Debug|Any CPU
		{FFD4931F-5C93-45B4-AAD0-FE8B951D31E2}.Debug|Any CPU.Build.0 = Debug|Any CPU
		{FFD4931F-5C93-45B4-AAD0-FE8B951D31E2}.Release|Any CPU.ActiveCfg = Release|Any CPU
		{FFD4931F-5C93-45B4-AAD0-FE8B951D31E2}.Release|Any CPU.Build.0 = Release|Any CPU
		{024BA0A7-362C-416D-8CD7-14E71ABBE212}.Debug|Any CPU.ActiveCfg = Debug|Any CPU
		{024BA0A7-362C-416D-8CD7-14E71ABBE212}.Debug|Any CPU.Build.0 = Debug|Any CPU
		{024BA0A7-362C-416D-8CD7-14E71ABBE212}.Release|Any CPU.ActiveCfg = Release|Any CPU
		{024BA0A7-362C-416D-8CD7-14E71ABBE212}.Release|Any CPU.Build.0 = Release|Any CPU
		{5F8C10B5-5F5C-404E-9F03-E5416479FF18}.Debug|Any CPU.ActiveCfg = Debug|Any CPU
		{5F8C10B5-5F5C-404E-9F03-E5416479FF18}.Debug|Any CPU.Build.0 = Debug|Any CPU
		{5F8C10B5-5F5C-404E-9F03-E5416479FF18}.Release|Any CPU.ActiveCfg = Release|Any CPU
		{5F8C10B5-5F5C-404E-9F03-E5416479FF18}.Release|Any CPU.Build.0 = Release|Any CPU
		{A650D071-A346-4308-9C7D-D2AF36278CFF}.Debug|Any CPU.ActiveCfg = Debug|Any CPU
		{A650D071-A346-4308-9C7D-D2AF36278CFF}.Debug|Any CPU.Build.0 = Debug|Any CPU
		{A650D071-A346-4308-9C7D-D2AF36278CFF}.Release|Any CPU.ActiveCfg = Release|Any CPU
		{A650D071-A346-4308-9C7D-D2AF36278CFF}.Release|Any CPU.Build.0 = Release|Any CPU
		{F831B7E5-8E32-4380-A8BC-3D1CEDA928FD}.Debug|Any CPU.ActiveCfg = Debug|Any CPU
		{F831B7E5-8E32-4380-A8BC-3D1CEDA928FD}.Debug|Any CPU.Build.0 = Debug|Any CPU
		{F831B7E5-8E32-4380-A8BC-3D1CEDA928FD}.Release|Any CPU.ActiveCfg = Release|Any CPU
		{F831B7E5-8E32-4380-A8BC-3D1CEDA928FD}.Release|Any CPU.Build.0 = Release|Any CPU
		{469FD922-1496-411D-986E-48F711AB0DEA}.Debug|Any CPU.ActiveCfg = Debug|Any CPU
		{469FD922-1496-411D-986E-48F711AB0DEA}.Debug|Any CPU.Build.0 = Debug|Any CPU
		{469FD922-1496-411D-986E-48F711AB0DEA}.Release|Any CPU.ActiveCfg = Release|Any CPU
		{469FD922-1496-411D-986E-48F711AB0DEA}.Release|Any CPU.Build.0 = Release|Any CPU
		{9A96ABF8-0C6A-4A14-91AD-8105C4B67762}.Debug|Any CPU.ActiveCfg = Debug|Any CPU
		{9A96ABF8-0C6A-4A14-91AD-8105C4B67762}.Debug|Any CPU.Build.0 = Debug|Any CPU
		{9A96ABF8-0C6A-4A14-91AD-8105C4B67762}.Release|Any CPU.ActiveCfg = Release|Any CPU
		{9A96ABF8-0C6A-4A14-91AD-8105C4B67762}.Release|Any CPU.Build.0 = Release|Any CPU
		{8A4E7CDD-07E8-4399-B5C4-2004A39489E9}.Debug|Any CPU.ActiveCfg = Debug|Any CPU
		{8A4E7CDD-07E8-4399-B5C4-2004A39489E9}.Debug|Any CPU.Build.0 = Debug|Any CPU
		{8A4E7CDD-07E8-4399-B5C4-2004A39489E9}.Release|Any CPU.ActiveCfg = Release|Any CPU
		{8A4E7CDD-07E8-4399-B5C4-2004A39489E9}.Release|Any CPU.Build.0 = Release|Any CPU
		{137E92AE-B1AD-4F9F-A92E-3398A42AAE1E}.Debug|Any CPU.ActiveCfg = Debug|Any CPU
		{137E92AE-B1AD-4F9F-A92E-3398A42AAE1E}.Debug|Any CPU.Build.0 = Debug|Any CPU
		{137E92AE-B1AD-4F9F-A92E-3398A42AAE1E}.Release|Any CPU.ActiveCfg = Release|Any CPU
		{137E92AE-B1AD-4F9F-A92E-3398A42AAE1E}.Release|Any CPU.Build.0 = Release|Any CPU
		{42693521-51AC-4235-9929-D4CCD10D03E1}.Debug|Any CPU.ActiveCfg = Debug|Any CPU
		{42693521-51AC-4235-9929-D4CCD10D03E1}.Debug|Any CPU.Build.0 = Debug|Any CPU
		{42693521-51AC-4235-9929-D4CCD10D03E1}.Release|Any CPU.ActiveCfg = Release|Any CPU
		{42693521-51AC-4235-9929-D4CCD10D03E1}.Release|Any CPU.Build.0 = Release|Any CPU
		{E655E964-5926-4B1F-8289-86A2B2AD0997}.Debug|Any CPU.ActiveCfg = Debug|Any CPU
		{E655E964-5926-4B1F-8289-86A2B2AD0997}.Debug|Any CPU.Build.0 = Debug|Any CPU
		{E655E964-5926-4B1F-8289-86A2B2AD0997}.Release|Any CPU.ActiveCfg = Release|Any CPU
		{E655E964-5926-4B1F-8289-86A2B2AD0997}.Release|Any CPU.Build.0 = Release|Any CPU
		{1B48286F-2E48-4928-9108-00F2DE377D38}.Debug|Any CPU.ActiveCfg = Debug|Any CPU
		{1B48286F-2E48-4928-9108-00F2DE377D38}.Debug|Any CPU.Build.0 = Debug|Any CPU
		{1B48286F-2E48-4928-9108-00F2DE377D38}.Release|Any CPU.ActiveCfg = Release|Any CPU
		{1B48286F-2E48-4928-9108-00F2DE377D38}.Release|Any CPU.Build.0 = Release|Any CPU
		{71D55BD9-EC32-43A2-BD32-8C5943F6E360}.Debug|Any CPU.ActiveCfg = Debug|Any CPU
		{71D55BD9-EC32-43A2-BD32-8C5943F6E360}.Debug|Any CPU.Build.0 = Debug|Any CPU
		{71D55BD9-EC32-43A2-BD32-8C5943F6E360}.Release|Any CPU.ActiveCfg = Release|Any CPU
		{71D55BD9-EC32-43A2-BD32-8C5943F6E360}.Release|Any CPU.Build.0 = Release|Any CPU
		{B9B73095-B069-4E9B-89A5-D9022BDEAD86}.Debug|Any CPU.ActiveCfg = Debug|Any CPU
		{B9B73095-B069-4E9B-89A5-D9022BDEAD86}.Debug|Any CPU.Build.0 = Debug|Any CPU
		{B9B73095-B069-4E9B-89A5-D9022BDEAD86}.Release|Any CPU.ActiveCfg = Release|Any CPU
		{B9B73095-B069-4E9B-89A5-D9022BDEAD86}.Release|Any CPU.Build.0 = Release|Any CPU
		{AC678521-224B-4338-989E-C5D32320C44C}.Debug|Any CPU.ActiveCfg = Debug|Any CPU
		{AC678521-224B-4338-989E-C5D32320C44C}.Debug|Any CPU.Build.0 = Debug|Any CPU
		{AC678521-224B-4338-989E-C5D32320C44C}.Release|Any CPU.ActiveCfg = Release|Any CPU
		{AC678521-224B-4338-989E-C5D32320C44C}.Release|Any CPU.Build.0 = Release|Any CPU
		{CE444CF4-3338-4497-9D55-9DAB8E1252F6}.Debug|Any CPU.ActiveCfg = Debug|Any CPU
		{CE444CF4-3338-4497-9D55-9DAB8E1252F6}.Debug|Any CPU.Build.0 = Debug|Any CPU
		{CE444CF4-3338-4497-9D55-9DAB8E1252F6}.Release|Any CPU.ActiveCfg = Release|Any CPU
		{CE444CF4-3338-4497-9D55-9DAB8E1252F6}.Release|Any CPU.Build.0 = Release|Any CPU
		{DA63FFA2-78A6-4ABB-87F5-0015093A4211}.Debug|Any CPU.ActiveCfg = Debug|Any CPU
		{DA63FFA2-78A6-4ABB-87F5-0015093A4211}.Debug|Any CPU.Build.0 = Debug|Any CPU
		{DA63FFA2-78A6-4ABB-87F5-0015093A4211}.Release|Any CPU.ActiveCfg = Release|Any CPU
		{DA63FFA2-78A6-4ABB-87F5-0015093A4211}.Release|Any CPU.Build.0 = Release|Any CPU
		{BAE8F399-3CA2-46DF-933F-A9784804410A}.Debug|Any CPU.ActiveCfg = Debug|Any CPU
		{BAE8F399-3CA2-46DF-933F-A9784804410A}.Debug|Any CPU.Build.0 = Debug|Any CPU
		{BAE8F399-3CA2-46DF-933F-A9784804410A}.Release|Any CPU.ActiveCfg = Release|Any CPU
		{BAE8F399-3CA2-46DF-933F-A9784804410A}.Release|Any CPU.Build.0 = Release|Any CPU
		{0294A8BB-C40D-227D-FFE9-F2F3E6A0A89B}.Debug|Any CPU.ActiveCfg = Debug|Any CPU
		{0294A8BB-C40D-227D-FFE9-F2F3E6A0A89B}.Debug|Any CPU.Build.0 = Debug|Any CPU
		{0294A8BB-C40D-227D-FFE9-F2F3E6A0A89B}.Release|Any CPU.ActiveCfg = Release|Any CPU
		{0294A8BB-C40D-227D-FFE9-F2F3E6A0A89B}.Release|Any CPU.Build.0 = Release|Any CPU
		{AB4DA132-A80F-4024-9942-02D09B303F84}.Debug|Any CPU.ActiveCfg = Debug|Any CPU
		{AB4DA132-A80F-4024-9942-02D09B303F84}.Debug|Any CPU.Build.0 = Debug|Any CPU
		{AB4DA132-A80F-4024-9942-02D09B303F84}.Release|Any CPU.ActiveCfg = Release|Any CPU
		{AB4DA132-A80F-4024-9942-02D09B303F84}.Release|Any CPU.Build.0 = Release|Any CPU
		{897C553C-1BAD-4512-A727-5CC00649F5EC}.Debug|Any CPU.ActiveCfg = Debug|Any CPU
		{897C553C-1BAD-4512-A727-5CC00649F5EC}.Debug|Any CPU.Build.0 = Debug|Any CPU
		{897C553C-1BAD-4512-A727-5CC00649F5EC}.Release|Any CPU.ActiveCfg = Release|Any CPU
		{897C553C-1BAD-4512-A727-5CC00649F5EC}.Release|Any CPU.Build.0 = Release|Any CPU
		{2A719AA6-294D-D9D1-BA70-15101C6A2713}.Debug|Any CPU.ActiveCfg = Debug|Any CPU
		{2A719AA6-294D-D9D1-BA70-15101C6A2713}.Debug|Any CPU.Build.0 = Debug|Any CPU
		{2A719AA6-294D-D9D1-BA70-15101C6A2713}.Release|Any CPU.ActiveCfg = Release|Any CPU
		{2A719AA6-294D-D9D1-BA70-15101C6A2713}.Release|Any CPU.Build.0 = Release|Any CPU
		{D0854546-C5C7-460A-9A53-CDFAE52D8A8A}.Debug|Any CPU.ActiveCfg = Debug|Any CPU
		{D0854546-C5C7-460A-9A53-CDFAE52D8A8A}.Debug|Any CPU.Build.0 = Debug|Any CPU
		{D0854546-C5C7-460A-9A53-CDFAE52D8A8A}.Release|Any CPU.ActiveCfg = Release|Any CPU
		{D0854546-C5C7-460A-9A53-CDFAE52D8A8A}.Release|Any CPU.Build.0 = Release|Any CPU
	EndGlobalSection
	GlobalSection(SolutionProperties) = preSolution
		HideSolutionNode = FALSE
	EndGlobalSection
	GlobalSection(NestedProjects) = preSolution
		{518B3F85-8081-45CB-AB10-02D0EF62DACE} = {2F412D8A-52D9-471B-A60E-118733AC4B4A}
		{1B88B955-9EF6-4174-8EB8-FACAD2932FEF} = {4C3204E5-80AA-444F-8BBE-2844F3C33A0A}
		{677A44D9-2AC8-4551-A32E-D59660451616} = {4C3204E5-80AA-444F-8BBE-2844F3C33A0A}
		{AC4A61AC-B1D4-4AF5-BFD7-5438C9397916} = {A3FC3B7B-AC51-453A-BC27-D03A0DBDC740}
		{9CBAC222-8BF2-4A7C-98F6-9385D6DE8770} = {4C3204E5-80AA-444F-8BBE-2844F3C33A0A}
		{66717701-6C71-46C4-B70B-67E997026426} = {4C3204E5-80AA-444F-8BBE-2844F3C33A0A}
		{DA775968-8932-4192-9599-9093F3A21311} = {2F412D8A-52D9-471B-A60E-118733AC4B4A}
		{8906C390-ED53-47E1-9144-DEB8933E27EB} = {2F412D8A-52D9-471B-A60E-118733AC4B4A}
		{8059C730-9FE6-4A6B-9013-1DF5F2A0FC5C} = {A3FC3B7B-AC51-453A-BC27-D03A0DBDC740}
		{FFD4931F-5C93-45B4-AAD0-FE8B951D31E2} = {2F412D8A-52D9-471B-A60E-118733AC4B4A}
		{024BA0A7-362C-416D-8CD7-14E71ABBE212} = {2F412D8A-52D9-471B-A60E-118733AC4B4A}
		{5F8C10B5-5F5C-404E-9F03-E5416479FF18} = {36D591C7-65C7-A0D1-1CBC-10CDE441BDC8}
		{7BA53BDB-F42A-4016-AD99-C25468CDDAC8} = {46B45E6F-2994-42A8-9FEB-69C8D854785E}
		{F831B7E5-8E32-4380-A8BC-3D1CEDA928FD} = {A3FC3B7B-AC51-453A-BC27-D03A0DBDC740}
		{469FD922-1496-411D-986E-48F711AB0DEA} = {A3FC3B7B-AC51-453A-BC27-D03A0DBDC740}
		{9A96ABF8-0C6A-4A14-91AD-8105C4B67762} = {53B52AA1-42C2-4FA1-A9C0-E47EC0A7E18F}
		{8A4E7CDD-07E8-4399-B5C4-2004A39489E9} = {53B52AA1-42C2-4FA1-A9C0-E47EC0A7E18F}
		{137E92AE-B1AD-4F9F-A92E-3398A42AAE1E} = {53B52AA1-42C2-4FA1-A9C0-E47EC0A7E18F}
		{42693521-51AC-4235-9929-D4CCD10D03E1} = {53B52AA1-42C2-4FA1-A9C0-E47EC0A7E18F}
		{E655E964-5926-4B1F-8289-86A2B2AD0997} = {36D591C7-65C7-A0D1-1CBC-10CDE441BDC8}
		{1B48286F-2E48-4928-9108-00F2DE377D38} = {A3FC3B7B-AC51-453A-BC27-D03A0DBDC740}
		{71D55BD9-EC32-43A2-BD32-8C5943F6E360} = {53B52AA1-42C2-4FA1-A9C0-E47EC0A7E18F}
		{B9B73095-B069-4E9B-89A5-D9022BDEAD86} = {A3FC3B7B-AC51-453A-BC27-D03A0DBDC740}
		{AC678521-224B-4338-989E-C5D32320C44C} = {A34B1921-D692-4A4B-872E-9B21917B0134}
		{CE444CF4-3338-4497-9D55-9DAB8E1252F6} = {A34B1921-D692-4A4B-872E-9B21917B0134}
		{DA63FFA2-78A6-4ABB-87F5-0015093A4211} = {A34B1921-D692-4A4B-872E-9B21917B0134}
		{BAE8F399-3CA2-46DF-933F-A9784804410A} = {A34B1921-D692-4A4B-872E-9B21917B0134}
		{0294A8BB-C40D-227D-FFE9-F2F3E6A0A89B} = {4C3204E5-80AA-444F-8BBE-2844F3C33A0A}
		{AB4DA132-A80F-4024-9942-02D09B303F84} = {96D77ACD-07C9-4B1C-9917-3FE2B715C042}
		{897C553C-1BAD-4512-A727-5CC00649F5EC} = {96D77ACD-07C9-4B1C-9917-3FE2B715C042}
		{2A719AA6-294D-D9D1-BA70-15101C6A2713} = {96D77ACD-07C9-4B1C-9917-3FE2B715C042}
		{D0854546-C5C7-460A-9A53-CDFAE52D8A8A} = {96D77ACD-07C9-4B1C-9917-3FE2B715C042}
	EndGlobalSection
	GlobalSection(ExtensibilityGlobals) = postSolution
		SolutionGuid = {11F13EE8-A0AE-48E4-BDD8-1661E47D9784}
	EndGlobalSection
EndGlobal
