
Microsoft Visual Studio Solution File, Format Version 12.00
# Visual Studio Version 18
VisualStudioVersion = 18.7.11903.348
MinimumVisualStudioVersion = 10.0.40219.1
Project("{2150E333-8FDC-42A3-9474-1A3956D46DE8}") = "Элементы решения", "Элементы решения", "{46B45E6F-2994-42A8-9FEB-69C8D854785E}"
	ProjectSection(SolutionItems) = preProject
		docker-compose.yml = docker-compose.yml
	EndProjectSection
EndProject
Project("{2150E333-8FDC-42A3-9474-1A3956D46DE8}") = "BlogService", "BlogService", "{4C3204E5-80AA-444F-8BBE-2844F3C33A0A}"
EndProject
Project("{2150E333-8FDC-42A3-9474-1A3956D46DE8}") = "AuthService", "AuthService", "{2F412D8A-52D9-471B-A60E-118733AC4B4A}"
EndProject
Project("{2150E333-8FDC-42A3-9474-1A3956D46DE8}") = "ConferenceService", "ConferenceService", "{A34B1921-D692-4A4B-872E-9B21917B0134}"
EndProject
Project("{2150E333-8FDC-42A3-9474-1A3956D46DE8}") = "GatewayService", "GatewayService", "{53B52AA1-42C2-4FA1-A9C0-E47EC0A7E18F}"
EndProject
Project("{2150E333-8FDC-42A3-9474-1A3956D46DE8}") = "RecommendationService", "RecommendationService", "{36D591C7-65C7-A0D1-1CBC-10CDE441BDC8}"
EndProject
Project("{2150E333-8FDC-42A3-9474-1A3956D46DE8}") = "Common", "Common", "{A3FC3B7B-AC51-453A-BC27-D03A0DBDC740}"
EndProject
Project("{2150E333-8FDC-42A3-9474-1A3956D46DE8}") = "ProfileService", "ProfileService", "{96D77ACD-07C9-4B1C-9917-3FE2B715C042}"
EndProject
Project("{FAE04EC0-301F-11D3-BF4B-00C04F79EFBC}") = "Recommendation.Service", "RecommendationService\Recommendation.Service\Recommendation.Service.csproj", "{46748D11-B790-4BC2-BC43-2E1360874836}"
EndProject
Project("{FAE04EC0-301F-11D3-BF4B-00C04F79EFBC}") = "Recommendation.Application", "RecommendationService\Recommendation.Application\Recommendation.Application.csproj", "{451B2606-E33D-42E5-9493-6FCCC13B5B76}"
EndProject
Project("{FAE04EC0-301F-11D3-BF4B-00C04F79EFBC}") = "FFmpeg.Service", "Common\FFmpeg.Service\FFmpeg.Service.csproj", "{51670340-2EF4-448B-B8DE-936CCDE65A17}"
EndProject
Project("{FAE04EC0-301F-11D3-BF4B-00C04F79EFBC}") = "FileStorage.Service", "Common\FileStorage.Service\FileStorage.Service.csproj", "{A991AFA5-1F40-4519-B500-4111E6F2281E}"
EndProject
Project("{FAE04EC0-301F-11D3-BF4B-00C04F79EFBC}") = "Infrastructure", "Common\Infrastructure\Infrastructure.csproj", "{4B683D35-ECCB-4110-9B0D-7E669BE689A4}"
EndProject
Project("{FAE04EC0-301F-11D3-BF4B-00C04F79EFBC}") = "MessageBus", "Common\MessageBus\MessageBus.csproj", "{4D053A90-9F3E-41AA-A96D-EB700C23871C}"
EndProject
Project("{FAE04EC0-301F-11D3-BF4B-00C04F79EFBC}") = "MessageBus.Shared", "Common\MessageBus.Shared\MessageBus.Shared.csproj", "{5783CA7A-5678-4282-8F2B-9F6A06DF3E73}"
EndProject
Project("{FAE04EC0-301F-11D3-BF4B-00C04F79EFBC}") = "Shared", "Common\Shared\Shared.csproj", "{8F3259A2-4DC9-402B-BC4A-397C0F08E1EA}"
EndProject
Project("{FAE04EC0-301F-11D3-BF4B-00C04F79EFBC}") = "Authentication.Domain", "AuthService\Authentication.Domain\Authentication.Domain.csproj", "{25BC9217-076B-4F49-B42B-6350526B8904}"
EndProject
Project("{FAE04EC0-301F-11D3-BF4B-00C04F79EFBC}") = "Authentication.Peristence", "AuthService\Authentication.Peristence\Authentication.Peristence.csproj", "{27B647AB-5F58-4BB5-8B5D-D5DB88AE5F8D}"
EndProject
Project("{FAE04EC0-301F-11D3-BF4B-00C04F79EFBC}") = "Authentication.Service", "AuthService\Authentication.Service\Authentication.Service.csproj", "{9735B52E-4D17-4A01-A022-52C872B9C193}"
EndProject
Project("{FAE04EC0-301F-11D3-BF4B-00C04F79EFBC}") = "AuthenticationApplication", "AuthService\AuthenticationApplication\AuthenticationApplication.csproj", "{82F6508E-F984-4743-AB87-39A0A1D735F2}"
EndProject
Project("{FAE04EC0-301F-11D3-BF4B-00C04F79EFBC}") = "Blog.API", "BlogService\Blog.API\Blog.API.csproj", "{3F92D97B-1616-4728-BAD9-9BBB01F7F2F6}"
EndProject
Project("{FAE04EC0-301F-11D3-BF4B-00C04F79EFBC}") = "Blog.Domain", "BlogService\Blog.Domain\Blog.Domain.csproj", "{2409EC62-0235-4392-8CF8-3F984ED740A9}"
EndProject
Project("{FAE04EC0-301F-11D3-BF4B-00C04F79EFBC}") = "Blog.Persistence", "BlogService\Blog.Persistence\Blog.Persistence.csproj", "{60D18E84-2A95-46FB-8785-0FDBF7BC603D}"
EndProject
Project("{FAE04EC0-301F-11D3-BF4B-00C04F79EFBC}") = "Blog.Service", "BlogService\Blog.Service\Blog.Service.csproj", "{CE4610A4-A2A9-43C4-ABD3-BA59AD868A04}"
EndProject
Project("{FAE04EC0-301F-11D3-BF4B-00C04F79EFBC}") = "VideoProcessing.Cli", "BlogService\VideoProcessing.Cli\VideoProcessing.Cli.csproj", "{F4D69B54-CFE8-4B00-8EB5-26438CB47440}"
EndProject
Project("{FAE04EC0-301F-11D3-BF4B-00C04F79EFBC}") = "VideoProcessing.Cli.Test", "BlogService\VideoProcessing.Cli.Test\VideoProcessing.Cli.Test.csproj", "{5EA15BC0-556C-4BB1-A725-664A8FA260E6}"
EndProject
Project("{FAE04EC0-301F-11D3-BF4B-00C04F79EFBC}") = "Conference.API", "ConferenceService\Conference.API\Conference.API.csproj", "{7BF45497-4505-4748-B002-A7BC7AE710D6}"
EndProject
Project("{FAE04EC0-301F-11D3-BF4B-00C04F79EFBC}") = "Conference.Domain", "ConferenceService\Conference.Domain\Conference.Domain.csproj", "{A1E4BE5F-9677-4AB1-A39D-F3E38E51961A}"
EndProject
Project("{FAE04EC0-301F-11D3-BF4B-00C04F79EFBC}") = "Conference.Persistence", "ConferenceService\Conference.Persistence\Conference.Persistence.csproj", "{08C90FDA-2339-4A90-A9E8-3745321FC41E}"
EndProject
Project("{FAE04EC0-301F-11D3-BF4B-00C04F79EFBC}") = "Conference.Service", "ConferenceService\Conference.Service\Conference.Service.csproj", "{38C7ACA8-0784-4355-BC83-13AB88DAE895}"
EndProject
Project("{FAE04EC0-301F-11D3-BF4B-00C04F79EFBC}") = "Gateway.API", "GetewayService\Gateway.API\Gateway.API.csproj", "{E4038FF7-57D8-4F48-BEDB-B1D287344CF7}"
EndProject
Project("{FAE04EC0-301F-11D3-BF4B-00C04F79EFBC}") = "Blog.Contracts", "BlogService\Blog.Contracts\Blog.Contracts.csproj", "{1DD59E36-CA1B-4B66-A53B-CD95382E1F61}"
EndProject
Project("{2150E333-8FDC-42A3-9474-1A3956D46DE8}") = "SearchService", "SearchService", "{12333E9E-D4BB-41DD-9ECB-0101BDBC0640}"
EndProject
Project("{FAE04EC0-301F-11D3-BF4B-00C04F79EFBC}") = "Search.Domain", "SearchService\Search.Domain\Search.Domain.csproj", "{1EFCB4E1-D522-4DB2-B09D-4D2F85893116}"
EndProject
Project("{FAE04EC0-301F-11D3-BF4B-00C04F79EFBC}") = "Search.Service", "SearchService\Search.Service\Search.Service.csproj", "{C259D1ED-E3D4-4A07-80D3-9904280E3EEE}"
EndProject
Project("{FAE04EC0-301F-11D3-BF4B-00C04F79EFBC}") = "SearchService.Application", "SearchService\SearchService.Application\SearchService.Application.csproj", "{39DCA665-3E2E-4C9C-861F-653CC6168D2C}"
EndProject
Project("{2150E333-8FDC-42A3-9474-1A3956D46DE8}") = "CommentService", "CommentService", "{114231EF-E90D-4464-BCA0-0401722BD11B}"
EndProject
Project("{FAE04EC0-301F-11D3-BF4B-00C04F79EFBC}") = "Comments.Domain", "CommentService\Comments.Domain\Comments.Domain.csproj", "{C9F77BA2-C94F-427E-A934-5D750CA35BA5}"
EndProject
Project("{FAE04EC0-301F-11D3-BF4B-00C04F79EFBC}") = "Comments.Service", "CommentService\Comments.Service\Comments.Service.csproj", "{3E245012-24CB-45AD-9203-EA01B3B035B6}"
EndProject
Project("{FAE04EC0-301F-11D3-BF4B-00C04F79EFBC}") = "Comments.API", "CommentService\Comments.API\Comments.API.csproj", "{90988A51-6D27-4520-B250-8A9481FE0A0B}"
EndProject
Project("{FAE04EC0-301F-11D3-BF4B-00C04F79EFBC}") = "Comments.Persistence", "CommentService\Comments.Persistence\Comments.Persistence.csproj", "{C7F043E8-C752-42A8-AFAB-CE277D43B8A3}"
EndProject
Project("{FAE04EC0-301F-11D3-BF4B-00C04F79EFBC}") = "Authentication.Contract", "AuthService\Authentication.Contract\Authentication.Contract.csproj", "{DD0E9B58-BDC2-4F16-A3AC-07558211512F}"
EndProject
Project("{2150E333-8FDC-42A3-9474-1A3956D46DE8}") = "Tests", "Tests", "{F73ED5B6-7823-44EA-84D9-3AFCB788A9C7}"
EndProject
Project("{FAE04EC0-301F-11D3-BF4B-00C04F79EFBC}") = "AuthTests", "Tests\AuthTests\AuthTests.csproj", "{3938AFEE-2811-4F8B-87C0-7A4B43868EF0}"
EndProject
Project("{FAE04EC0-301F-11D3-BF4B-00C04F79EFBC}") = "Common", "Tests\Common\Common.csproj", "{1722495F-C4A7-4629-B424-E68FDE1C4FB2}"
EndProject
Project("{FAE04EC0-301F-11D3-BF4B-00C04F79EFBC}") = "Profile.API", "ProfileService\Profile.API\Profile.API.csproj", "{C90E608F-4D4E-D521-8130-3C6FA70D4C4F}"
EndProject
Project("{FAE04EC0-301F-11D3-BF4B-00C04F79EFBC}") = "Profile.Domain", "ProfileService\Profile.Domain\Profile.Domain.csproj", "{E9F9234C-B905-F765-8344-539F7C336437}"
EndProject
Project("{FAE04EC0-301F-11D3-BF4B-00C04F79EFBC}") = "Profile.Persistence", "ProfileService\Profile.Persistence\Profile.Persistence.csproj", "{00EF57BF-2C6F-7D6B-7F11-74AFDA3F5474}"
EndProject
Project("{FAE04EC0-301F-11D3-BF4B-00C04F79EFBC}") = "Profile.Service", "ProfileService\Profile.Service\Profile.Service.csproj", "{A75E6A6E-E48E-AF3C-1ED8-C82270556B6B}"
EndProject
Project("{2150E333-8FDC-42A3-9474-1A3956D46DE8}") = "MusicService", "MusicService", "{25B99BF7-E0F3-4039-8382-091D7E8B17D2}"
EndProject
Project("{FAE04EC0-301F-11D3-BF4B-00C04F79EFBC}") = "Music.Domain", "MusicService\Music.Domain\Music.Domain.csproj", "{0E1ECA42-40B9-40F2-A83B-653034B2CB4C}"
EndProject
Project("{FAE04EC0-301F-11D3-BF4B-00C04F79EFBC}") = "Music.Contract", "MusicService\Music.Contract\Music.Contract.csproj", "{C6BEDB13-7597-4422-B1B9-F2EF0E97F0B0}"
EndProject
Project("{FAE04EC0-301F-11D3-BF4B-00C04F79EFBC}") = "Music.Persistence", "MusicService\Music.Persistence\Music.Persistence.csproj", "{00688DBD-3C45-41CC-9C93-FA82E821583F}"
EndProject
Project("{FAE04EC0-301F-11D3-BF4B-00C04F79EFBC}") = "Music.API", "MusicService\Music.API\Music.API.csproj", "{6E7FE47C-A2AB-4AB2-84A3-A05F1B2BC017}"
EndProject
Project("{FAE04EC0-301F-11D3-BF4B-00C04F79EFBC}") = "Music.Service", "MusicService\Music.Service\Music.Service.csproj", "{58CE1052-52CB-4395-8CF2-310643978236}"
EndProject
Project("{2150E333-8FDC-42A3-9474-1A3956D46DE8}") = "MusicRecommendationService", "MusicRecommendationService", "{B7468130-CFB4-4659-9964-82B2A3873D1F}"
EndProject
Project("{FAE04EC0-301F-11D3-BF4B-00C04F79EFBC}") = "MusicRecommendation.Domain", "MusicRecommendationService\MusicRecommendation.Domain\MusicRecommendation.Domain.csproj", "{43864957-5B21-46D0-908D-B844052B6072}"
EndProject
Project("{FAE04EC0-301F-11D3-BF4B-00C04F79EFBC}") = "MusicRecommendation.Persistence", "MusicRecommendationService\MusicRecommendation.Persistence\MusicRecommendation.Persistence.csproj", "{46783B52-0B25-468A-A70B-392B4BC1168D}"
EndProject
Project("{FAE04EC0-301F-11D3-BF4B-00C04F79EFBC}") = "MusicRecommendation.API", "MusicRecommendationService\MusicRecommendation.API\MusicRecommendation.API.csproj", "{9E9B4409-58EE-4667-8284-4349505067FC}"
EndProject
Project("{FAE04EC0-301F-11D3-BF4B-00C04F79EFBC}") = "MusicRecommendation.Services", "MusicRecommendationService\MusicRecommendation.Services\MusicRecommendation.Services.csproj", "{6C52B954-7BAF-493D-85B6-EC0B66AA32B9}"
EndProject
Project("{FAE04EC0-301F-11D3-BF4B-00C04F79EFBC}") = "Search.Persistence", "SearchService\Search.Persistence\Search.Persistence.csproj", "{47A74169-0839-4A47-91A7-65D94CBD365E}"
EndProject
Project("{2150E333-8FDC-42A3-9474-1A3956D46DE8}") = "NotificationService", "NotificationService", "{8BEEA585-07D3-424B-8747-7218BA325627}"
EndProject
Project("{FAE04EC0-301F-11D3-BF4B-00C04F79EFBC}") = "Notification.API", "NotificationService\Notification.API\Notification.API.csproj", "{090C511A-40BA-245F-51AA-0FDBADE4A436}"
EndProject
Project("{FAE04EC0-301F-11D3-BF4B-00C04F79EFBC}") = "Notification.Contract", "NotificationService\Notification.Contract\Notification.Contract.csproj", "{F44728BF-32AD-7B8B-15CE-AFAF4229FE38}"
EndProject
Project("{FAE04EC0-301F-11D3-BF4B-00C04F79EFBC}") = "Notification.Domain", "NotificationService\Notification.Domain\Notification.Domain.csproj", "{4663116B-1D14-6159-FC31-C7E672DC1DD1}"
EndProject
Project("{FAE04EC0-301F-11D3-BF4B-00C04F79EFBC}") = "AspireTest.AppHost", "GetewayService\AspireTest\AspireTest.AppHost\AspireTest.AppHost.csproj", "{362BF21D-E90C-43C2-82A6-E9B3BE62C2B2}"
EndProject
Project("{FAE04EC0-301F-11D3-BF4B-00C04F79EFBC}") = "AspireTest.ServiceDefaults", "GetewayService\AspireTest\AspireTest.ServiceDefaults\AspireTest.ServiceDefaults.csproj", "{76F26146-868C-7ABE-28AF-AABBF650D54E}"
EndProject
Project("{2150E333-8FDC-42A3-9474-1A3956D46DE8}") = "PlayListService", "PlayListService", "{BFAE29AE-A8A1-4669-9207-D6134A707EA3}"
EndProject
Project("{FAE04EC0-301F-11D3-BF4B-00C04F79EFBC}") = "PlayListService.Domain", "PlayListService\PlayListService.Domain\PlayListService.Domain.csproj", "{6E430379-7643-4251-BCFC-2696799067FE}"
EndProject
Project("{FAE04EC0-301F-11D3-BF4B-00C04F79EFBC}") = "PlayListService.Services", "PlayListService\PlayListService.Services\PlayListService.Services.csproj", "{897C1149-A0F8-4744-914F-6F86A07E59A7}"
EndProject
Project("{FAE04EC0-301F-11D3-BF4B-00C04F79EFBC}") = "PlayListService.API", "PlayListService\PlayListService.API\PlayListService.API.csproj", "{849DC7EB-C0C8-480F-9125-4CC9386822D8}"
EndProject
Project("{FAE04EC0-301F-11D3-BF4B-00C04F79EFBC}") = "PlayListService.Persistence", "PlayListService\PlayListService.Persistence\PlayListService.Persistence.csproj", "{36285B1E-E797-4A6D-B155-714ECD7DA91D}"
EndProject
Project("{FAE04EC0-301F-11D3-BF4B-00C04F79EFBC}") = "PlayListService.Contract", "PlayListService\PlayListService.Contract\PlayListService.Contract.csproj", "{4FCB85EA-575B-4E26-84AE-F478DD2C08EF}"
EndProject
Project("{FAE04EC0-301F-11D3-BF4B-00C04F79EFBC}") = "AuthGateway.API", "GetewayService\AuthGateway.API\AuthGateway.API.csproj", "{8145CD05-BA48-442B-A9FF-3A7A00148077}"
EndProject
Project("{FAE04EC0-301F-11D3-BF4B-00C04F79EFBC}") = "MediaProcessing.Contract", "BlogService\MediaProcessing.Contract\MediaProcessing.Contract.csproj", "{4B96109F-2100-45C2-A8BF-80F29AE9CAA1}"
EndProject
Global
	GlobalSection(SolutionConfigurationPlatforms) = preSolution
		Debug|Any CPU = Debug|Any CPU
		Release|Any CPU = Release|Any CPU
	EndGlobalSection
	GlobalSection(ProjectConfigurationPlatforms) = postSolution
		{46748D11-B790-4BC2-BC43-2E1360874836}.Debug|Any CPU.ActiveCfg = Debug|Any CPU
		{46748D11-B790-4BC2-BC43-2E1360874836}.Debug|Any CPU.Build.0 = Debug|Any CPU
		{46748D11-B790-4BC2-BC43-2E1360874836}.Release|Any CPU.ActiveCfg = Release|Any CPU
		{46748D11-B790-4BC2-BC43-2E1360874836}.Release|Any CPU.Build.0 = Release|Any CPU
		{451B2606-E33D-42E5-9493-6FCCC13B5B76}.Debug|Any CPU.ActiveCfg = Debug|Any CPU
		{451B2606-E33D-42E5-9493-6FCCC13B5B76}.Debug|Any CPU.Build.0 = Debug|Any CPU
		{451B2606-E33D-42E5-9493-6FCCC13B5B76}.Release|Any CPU.ActiveCfg = Release|Any CPU
		{451B2606-E33D-42E5-9493-6FCCC13B5B76}.Release|Any CPU.Build.0 = Release|Any CPU
		{51670340-2EF4-448B-B8DE-936CCDE65A17}.Debug|Any CPU.ActiveCfg = Debug|Any CPU
		{51670340-2EF4-448B-B8DE-936CCDE65A17}.Debug|Any CPU.Build.0 = Debug|Any CPU
		{51670340-2EF4-448B-B8DE-936CCDE65A17}.Release|Any CPU.ActiveCfg = Release|Any CPU
		{51670340-2EF4-448B-B8DE-936CCDE65A17}.Release|Any CPU.Build.0 = Release|Any CPU
		{A991AFA5-1F40-4519-B500-4111E6F2281E}.Debug|Any CPU.ActiveCfg = Debug|Any CPU
		{A991AFA5-1F40-4519-B500-4111E6F2281E}.Debug|Any CPU.Build.0 = Debug|Any CPU
		{A991AFA5-1F40-4519-B500-4111E6F2281E}.Release|Any CPU.ActiveCfg = Release|Any CPU
		{A991AFA5-1F40-4519-B500-4111E6F2281E}.Release|Any CPU.Build.0 = Release|Any CPU
		{4B683D35-ECCB-4110-9B0D-7E669BE689A4}.Debug|Any CPU.ActiveCfg = Debug|Any CPU
		{4B683D35-ECCB-4110-9B0D-7E669BE689A4}.Debug|Any CPU.Build.0 = Debug|Any CPU
		{4B683D35-ECCB-4110-9B0D-7E669BE689A4}.Release|Any CPU.ActiveCfg = Release|Any CPU
		{4B683D35-ECCB-4110-9B0D-7E669BE689A4}.Release|Any CPU.Build.0 = Release|Any CPU
		{4D053A90-9F3E-41AA-A96D-EB700C23871C}.Debug|Any CPU.ActiveCfg = Debug|Any CPU
		{4D053A90-9F3E-41AA-A96D-EB700C23871C}.Debug|Any CPU.Build.0 = Debug|Any CPU
		{4D053A90-9F3E-41AA-A96D-EB700C23871C}.Release|Any CPU.ActiveCfg = Release|Any CPU
		{4D053A90-9F3E-41AA-A96D-EB700C23871C}.Release|Any CPU.Build.0 = Release|Any CPU
		{5783CA7A-5678-4282-8F2B-9F6A06DF3E73}.Debug|Any CPU.ActiveCfg = Debug|Any CPU
		{5783CA7A-5678-4282-8F2B-9F6A06DF3E73}.Debug|Any CPU.Build.0 = Debug|Any CPU
		{5783CA7A-5678-4282-8F2B-9F6A06DF3E73}.Release|Any CPU.ActiveCfg = Release|Any CPU
		{5783CA7A-5678-4282-8F2B-9F6A06DF3E73}.Release|Any CPU.Build.0 = Release|Any CPU
		{8F3259A2-4DC9-402B-BC4A-397C0F08E1EA}.Debug|Any CPU.ActiveCfg = Debug|Any CPU
		{8F3259A2-4DC9-402B-BC4A-397C0F08E1EA}.Debug|Any CPU.Build.0 = Debug|Any CPU
		{8F3259A2-4DC9-402B-BC4A-397C0F08E1EA}.Release|Any CPU.ActiveCfg = Release|Any CPU
		{8F3259A2-4DC9-402B-BC4A-397C0F08E1EA}.Release|Any CPU.Build.0 = Release|Any CPU
		{25BC9217-076B-4F49-B42B-6350526B8904}.Debug|Any CPU.ActiveCfg = Debug|Any CPU
		{25BC9217-076B-4F49-B42B-6350526B8904}.Debug|Any CPU.Build.0 = Debug|Any CPU
		{25BC9217-076B-4F49-B42B-6350526B8904}.Release|Any CPU.ActiveCfg = Release|Any CPU
		{25BC9217-076B-4F49-B42B-6350526B8904}.Release|Any CPU.Build.0 = Release|Any CPU
		{27B647AB-5F58-4BB5-8B5D-D5DB88AE5F8D}.Debug|Any CPU.ActiveCfg = Debug|Any CPU
		{27B647AB-5F58-4BB5-8B5D-D5DB88AE5F8D}.Debug|Any CPU.Build.0 = Debug|Any CPU
		{27B647AB-5F58-4BB5-8B5D-D5DB88AE5F8D}.Release|Any CPU.ActiveCfg = Release|Any CPU
		{27B647AB-5F58-4BB5-8B5D-D5DB88AE5F8D}.Release|Any CPU.Build.0 = Release|Any CPU
		{9735B52E-4D17-4A01-A022-52C872B9C193}.Debug|Any CPU.ActiveCfg = Debug|Any CPU
		{9735B52E-4D17-4A01-A022-52C872B9C193}.Debug|Any CPU.Build.0 = Debug|Any CPU
		{9735B52E-4D17-4A01-A022-52C872B9C193}.Release|Any CPU.ActiveCfg = Release|Any CPU
		{9735B52E-4D17-4A01-A022-52C872B9C193}.Release|Any CPU.Build.0 = Release|Any CPU
		{82F6508E-F984-4743-AB87-39A0A1D735F2}.Debug|Any CPU.ActiveCfg = Debug|Any CPU
		{82F6508E-F984-4743-AB87-39A0A1D735F2}.Debug|Any CPU.Build.0 = Debug|Any CPU
		{82F6508E-F984-4743-AB87-39A0A1D735F2}.Release|Any CPU.ActiveCfg = Release|Any CPU
		{82F6508E-F984-4743-AB87-39A0A1D735F2}.Release|Any CPU.Build.0 = Release|Any CPU
		{3F92D97B-1616-4728-BAD9-9BBB01F7F2F6}.Debug|Any CPU.ActiveCfg = Debug|Any CPU
		{3F92D97B-1616-4728-BAD9-9BBB01F7F2F6}.Debug|Any CPU.Build.0 = Debug|Any CPU
		{3F92D97B-1616-4728-BAD9-9BBB01F7F2F6}.Release|Any CPU.ActiveCfg = Release|Any CPU
		{3F92D97B-1616-4728-BAD9-9BBB01F7F2F6}.Release|Any CPU.Build.0 = Release|Any CPU
		{2409EC62-0235-4392-8CF8-3F984ED740A9}.Debug|Any CPU.ActiveCfg = Debug|Any CPU
		{2409EC62-0235-4392-8CF8-3F984ED740A9}.Debug|Any CPU.Build.0 = Debug|Any CPU
		{2409EC62-0235-4392-8CF8-3F984ED740A9}.Release|Any CPU.ActiveCfg = Release|Any CPU
		{2409EC62-0235-4392-8CF8-3F984ED740A9}.Release|Any CPU.Build.0 = Release|Any CPU
		{60D18E84-2A95-46FB-8785-0FDBF7BC603D}.Debug|Any CPU.ActiveCfg = Debug|Any CPU
		{60D18E84-2A95-46FB-8785-0FDBF7BC603D}.Debug|Any CPU.Build.0 = Debug|Any CPU
		{60D18E84-2A95-46FB-8785-0FDBF7BC603D}.Release|Any CPU.ActiveCfg = Release|Any CPU
		{60D18E84-2A95-46FB-8785-0FDBF7BC603D}.Release|Any CPU.Build.0 = Release|Any CPU
		{CE4610A4-A2A9-43C4-ABD3-BA59AD868A04}.Debug|Any CPU.ActiveCfg = Debug|Any CPU
		{CE4610A4-A2A9-43C4-ABD3-BA59AD868A04}.Debug|Any CPU.Build.0 = Debug|Any CPU
		{CE4610A4-A2A9-43C4-ABD3-BA59AD868A04}.Release|Any CPU.ActiveCfg = Release|Any CPU
		{CE4610A4-A2A9-43C4-ABD3-BA59AD868A04}.Release|Any CPU.Build.0 = Release|Any CPU
		{F4D69B54-CFE8-4B00-8EB5-26438CB47440}.Debug|Any CPU.ActiveCfg = Debug|Any CPU
		{F4D69B54-CFE8-4B00-8EB5-26438CB47440}.Debug|Any CPU.Build.0 = Debug|Any CPU
		{F4D69B54-CFE8-4B00-8EB5-26438CB47440}.Release|Any CPU.ActiveCfg = Release|Any CPU
		{F4D69B54-CFE8-4B00-8EB5-26438CB47440}.Release|Any CPU.Build.0 = Release|Any CPU
		{5EA15BC0-556C-4BB1-A725-664A8FA260E6}.Debug|Any CPU.ActiveCfg = Debug|Any CPU
		{5EA15BC0-556C-4BB1-A725-664A8FA260E6}.Debug|Any CPU.Build.0 = Debug|Any CPU
		{5EA15BC0-556C-4BB1-A725-664A8FA260E6}.Release|Any CPU.ActiveCfg = Release|Any CPU
		{5EA15BC0-556C-4BB1-A725-664A8FA260E6}.Release|Any CPU.Build.0 = Release|Any CPU
		{7BF45497-4505-4748-B002-A7BC7AE710D6}.Debug|Any CPU.ActiveCfg = Debug|Any CPU
		{7BF45497-4505-4748-B002-A7BC7AE710D6}.Debug|Any CPU.Build.0 = Debug|Any CPU
		{7BF45497-4505-4748-B002-A7BC7AE710D6}.Release|Any CPU.ActiveCfg = Release|Any CPU
		{7BF45497-4505-4748-B002-A7BC7AE710D6}.Release|Any CPU.Build.0 = Release|Any CPU
		{A1E4BE5F-9677-4AB1-A39D-F3E38E51961A}.Debug|Any CPU.ActiveCfg = Debug|Any CPU
		{A1E4BE5F-9677-4AB1-A39D-F3E38E51961A}.Debug|Any CPU.Build.0 = Debug|Any CPU
		{A1E4BE5F-9677-4AB1-A39D-F3E38E51961A}.Release|Any CPU.ActiveCfg = Release|Any CPU
		{A1E4BE5F-9677-4AB1-A39D-F3E38E51961A}.Release|Any CPU.Build.0 = Release|Any CPU
		{08C90FDA-2339-4A90-A9E8-3745321FC41E}.Debug|Any CPU.ActiveCfg = Debug|Any CPU
		{08C90FDA-2339-4A90-A9E8-3745321FC41E}.Debug|Any CPU.Build.0 = Debug|Any CPU
		{08C90FDA-2339-4A90-A9E8-3745321FC41E}.Release|Any CPU.ActiveCfg = Release|Any CPU
		{08C90FDA-2339-4A90-A9E8-3745321FC41E}.Release|Any CPU.Build.0 = Release|Any CPU
		{38C7ACA8-0784-4355-BC83-13AB88DAE895}.Debug|Any CPU.ActiveCfg = Debug|Any CPU
		{38C7ACA8-0784-4355-BC83-13AB88DAE895}.Debug|Any CPU.Build.0 = Debug|Any CPU
		{38C7ACA8-0784-4355-BC83-13AB88DAE895}.Release|Any CPU.ActiveCfg = Release|Any CPU
		{38C7ACA8-0784-4355-BC83-13AB88DAE895}.Release|Any CPU.Build.0 = Release|Any CPU
		{E4038FF7-57D8-4F48-BEDB-B1D287344CF7}.Debug|Any CPU.ActiveCfg = Debug|Any CPU
		{E4038FF7-57D8-4F48-BEDB-B1D287344CF7}.Debug|Any CPU.Build.0 = Debug|Any CPU
		{E4038FF7-57D8-4F48-BEDB-B1D287344CF7}.Release|Any CPU.ActiveCfg = Release|Any CPU
		{E4038FF7-57D8-4F48-BEDB-B1D287344CF7}.Release|Any CPU.Build.0 = Release|Any CPU
		{1DD59E36-CA1B-4B66-A53B-CD95382E1F61}.Debug|Any CPU.ActiveCfg = Debug|Any CPU
		{1DD59E36-CA1B-4B66-A53B-CD95382E1F61}.Debug|Any CPU.Build.0 = Debug|Any CPU
		{1DD59E36-CA1B-4B66-A53B-CD95382E1F61}.Release|Any CPU.ActiveCfg = Release|Any CPU
		{1DD59E36-CA1B-4B66-A53B-CD95382E1F61}.Release|Any CPU.Build.0 = Release|Any CPU
		{1EFCB4E1-D522-4DB2-B09D-4D2F85893116}.Debug|Any CPU.ActiveCfg = Debug|Any CPU
		{1EFCB4E1-D522-4DB2-B09D-4D2F85893116}.Debug|Any CPU.Build.0 = Debug|Any CPU
		{1EFCB4E1-D522-4DB2-B09D-4D2F85893116}.Release|Any CPU.ActiveCfg = Release|Any CPU
		{1EFCB4E1-D522-4DB2-B09D-4D2F85893116}.Release|Any CPU.Build.0 = Release|Any CPU
		{C259D1ED-E3D4-4A07-80D3-9904280E3EEE}.Debug|Any CPU.ActiveCfg = Debug|Any CPU
		{C259D1ED-E3D4-4A07-80D3-9904280E3EEE}.Debug|Any CPU.Build.0 = Debug|Any CPU
		{C259D1ED-E3D4-4A07-80D3-9904280E3EEE}.Release|Any CPU.ActiveCfg = Release|Any CPU
		{C259D1ED-E3D4-4A07-80D3-9904280E3EEE}.Release|Any CPU.Build.0 = Release|Any CPU
		{39DCA665-3E2E-4C9C-861F-653CC6168D2C}.Debug|Any CPU.ActiveCfg = Debug|Any CPU
		{39DCA665-3E2E-4C9C-861F-653CC6168D2C}.Debug|Any CPU.Build.0 = Debug|Any CPU
		{39DCA665-3E2E-4C9C-861F-653CC6168D2C}.Release|Any CPU.ActiveCfg = Release|Any CPU
		{39DCA665-3E2E-4C9C-861F-653CC6168D2C}.Release|Any CPU.Build.0 = Release|Any CPU
		{C9F77BA2-C94F-427E-A934-5D750CA35BA5}.Debug|Any CPU.ActiveCfg = Debug|Any CPU
		{C9F77BA2-C94F-427E-A934-5D750CA35BA5}.Debug|Any CPU.Build.0 = Debug|Any CPU
		{C9F77BA2-C94F-427E-A934-5D750CA35BA5}.Release|Any CPU.ActiveCfg = Release|Any CPU
		{C9F77BA2-C94F-427E-A934-5D750CA35BA5}.Release|Any CPU.Build.0 = Release|Any CPU
		{3E245012-24CB-45AD-9203-EA01B3B035B6}.Debug|Any CPU.ActiveCfg = Debug|Any CPU
		{3E245012-24CB-45AD-9203-EA01B3B035B6}.Debug|Any CPU.Build.0 = Debug|Any CPU
		{3E245012-24CB-45AD-9203-EA01B3B035B6}.Release|Any CPU.ActiveCfg = Release|Any CPU
		{3E245012-24CB-45AD-9203-EA01B3B035B6}.Release|Any CPU.Build.0 = Release|Any CPU
		{90988A51-6D27-4520-B250-8A9481FE0A0B}.Debug|Any CPU.ActiveCfg = Debug|Any CPU
		{90988A51-6D27-4520-B250-8A9481FE0A0B}.Debug|Any CPU.Build.0 = Debug|Any CPU
		{90988A51-6D27-4520-B250-8A9481FE0A0B}.Release|Any CPU.ActiveCfg = Release|Any CPU
		{90988A51-6D27-4520-B250-8A9481FE0A0B}.Release|Any CPU.Build.0 = Release|Any CPU
		{C7F043E8-C752-42A8-AFAB-CE277D43B8A3}.Debug|Any CPU.ActiveCfg = Debug|Any CPU
		{C7F043E8-C752-42A8-AFAB-CE277D43B8A3}.Debug|Any CPU.Build.0 = Debug|Any CPU
		{C7F043E8-C752-42A8-AFAB-CE277D43B8A3}.Release|Any CPU.ActiveCfg = Release|Any CPU
		{C7F043E8-C752-42A8-AFAB-CE277D43B8A3}.Release|Any CPU.Build.0 = Release|Any CPU
		{DD0E9B58-BDC2-4F16-A3AC-07558211512F}.Debug|Any CPU.ActiveCfg = Debug|Any CPU
		{DD0E9B58-BDC2-4F16-A3AC-07558211512F}.Debug|Any CPU.Build.0 = Debug|Any CPU
		{DD0E9B58-BDC2-4F16-A3AC-07558211512F}.Release|Any CPU.ActiveCfg = Release|Any CPU
		{DD0E9B58-BDC2-4F16-A3AC-07558211512F}.Release|Any CPU.Build.0 = Release|Any CPU
		{3938AFEE-2811-4F8B-87C0-7A4B43868EF0}.Debug|Any CPU.ActiveCfg = Debug|Any CPU
		{3938AFEE-2811-4F8B-87C0-7A4B43868EF0}.Debug|Any CPU.Build.0 = Debug|Any CPU
		{3938AFEE-2811-4F8B-87C0-7A4B43868EF0}.Release|Any CPU.ActiveCfg = Release|Any CPU
		{3938AFEE-2811-4F8B-87C0-7A4B43868EF0}.Release|Any CPU.Build.0 = Release|Any CPU
		{1722495F-C4A7-4629-B424-E68FDE1C4FB2}.Debug|Any CPU.ActiveCfg = Debug|Any CPU
		{1722495F-C4A7-4629-B424-E68FDE1C4FB2}.Debug|Any CPU.Build.0 = Debug|Any CPU
		{1722495F-C4A7-4629-B424-E68FDE1C4FB2}.Release|Any CPU.ActiveCfg = Release|Any CPU
		{1722495F-C4A7-4629-B424-E68FDE1C4FB2}.Release|Any CPU.Build.0 = Release|Any CPU
		{C90E608F-4D4E-D521-8130-3C6FA70D4C4F}.Debug|Any CPU.ActiveCfg = Debug|Any CPU
		{C90E608F-4D4E-D521-8130-3C6FA70D4C4F}.Debug|Any CPU.Build.0 = Debug|Any CPU
		{C90E608F-4D4E-D521-8130-3C6FA70D4C4F}.Release|Any CPU.ActiveCfg = Release|Any CPU
		{C90E608F-4D4E-D521-8130-3C6FA70D4C4F}.Release|Any CPU.Build.0 = Release|Any CPU
		{E9F9234C-B905-F765-8344-539F7C336437}.Debug|Any CPU.ActiveCfg = Debug|Any CPU
		{E9F9234C-B905-F765-8344-539F7C336437}.Debug|Any CPU.Build.0 = Debug|Any CPU
		{E9F9234C-B905-F765-8344-539F7C336437}.Release|Any CPU.ActiveCfg = Release|Any CPU
		{E9F9234C-B905-F765-8344-539F7C336437}.Release|Any CPU.Build.0 = Release|Any CPU
		{00EF57BF-2C6F-7D6B-7F11-74AFDA3F5474}.Debug|Any CPU.ActiveCfg = Debug|Any CPU
		{00EF57BF-2C6F-7D6B-7F11-74AFDA3F5474}.Debug|Any CPU.Build.0 = Debug|Any CPU
		{00EF57BF-2C6F-7D6B-7F11-74AFDA3F5474}.Release|Any CPU.ActiveCfg = Release|Any CPU
		{00EF57BF-2C6F-7D6B-7F11-74AFDA3F5474}.Release|Any CPU.Build.0 = Release|Any CPU
		{A75E6A6E-E48E-AF3C-1ED8-C82270556B6B}.Debug|Any CPU.ActiveCfg = Debug|Any CPU
		{A75E6A6E-E48E-AF3C-1ED8-C82270556B6B}.Debug|Any CPU.Build.0 = Debug|Any CPU
		{A75E6A6E-E48E-AF3C-1ED8-C82270556B6B}.Release|Any CPU.ActiveCfg = Release|Any CPU
		{A75E6A6E-E48E-AF3C-1ED8-C82270556B6B}.Release|Any CPU.Build.0 = Release|Any CPU
		{0E1ECA42-40B9-40F2-A83B-653034B2CB4C}.Debug|Any CPU.ActiveCfg = Debug|Any CPU
		{0E1ECA42-40B9-40F2-A83B-653034B2CB4C}.Debug|Any CPU.Build.0 = Debug|Any CPU
		{0E1ECA42-40B9-40F2-A83B-653034B2CB4C}.Release|Any CPU.ActiveCfg = Release|Any CPU
		{0E1ECA42-40B9-40F2-A83B-653034B2CB4C}.Release|Any CPU.Build.0 = Release|Any CPU
		{C6BEDB13-7597-4422-B1B9-F2EF0E97F0B0}.Debug|Any CPU.ActiveCfg = Debug|Any CPU
		{C6BEDB13-7597-4422-B1B9-F2EF0E97F0B0}.Debug|Any CPU.Build.0 = Debug|Any CPU
		{C6BEDB13-7597-4422-B1B9-F2EF0E97F0B0}.Release|Any CPU.ActiveCfg = Release|Any CPU
		{C6BEDB13-7597-4422-B1B9-F2EF0E97F0B0}.Release|Any CPU.Build.0 = Release|Any CPU
		{00688DBD-3C45-41CC-9C93-FA82E821583F}.Debug|Any CPU.ActiveCfg = Debug|Any CPU
		{00688DBD-3C45-41CC-9C93-FA82E821583F}.Debug|Any CPU.Build.0 = Debug|Any CPU
		{00688DBD-3C45-41CC-9C93-FA82E821583F}.Release|Any CPU.ActiveCfg = Release|Any CPU
		{00688DBD-3C45-41CC-9C93-FA82E821583F}.Release|Any CPU.Build.0 = Release|Any CPU
		{6E7FE47C-A2AB-4AB2-84A3-A05F1B2BC017}.Debug|Any CPU.ActiveCfg = Debug|Any CPU
		{6E7FE47C-A2AB-4AB2-84A3-A05F1B2BC017}.Debug|Any CPU.Build.0 = Debug|Any CPU
		{6E7FE47C-A2AB-4AB2-84A3-A05F1B2BC017}.Release|Any CPU.ActiveCfg = Release|Any CPU
		{6E7FE47C-A2AB-4AB2-84A3-A05F1B2BC017}.Release|Any CPU.Build.0 = Release|Any CPU
		{58CE1052-52CB-4395-8CF2-310643978236}.Debug|Any CPU.ActiveCfg = Debug|Any CPU
		{58CE1052-52CB-4395-8CF2-310643978236}.Debug|Any CPU.Build.0 = Debug|Any CPU
		{58CE1052-52CB-4395-8CF2-310643978236}.Release|Any CPU.ActiveCfg = Release|Any CPU
		{58CE1052-52CB-4395-8CF2-310643978236}.Release|Any CPU.Build.0 = Release|Any CPU
		{43864957-5B21-46D0-908D-B844052B6072}.Debug|Any CPU.ActiveCfg = Debug|Any CPU
		{43864957-5B21-46D0-908D-B844052B6072}.Debug|Any CPU.Build.0 = Debug|Any CPU
		{43864957-5B21-46D0-908D-B844052B6072}.Release|Any CPU.ActiveCfg = Release|Any CPU
		{43864957-5B21-46D0-908D-B844052B6072}.Release|Any CPU.Build.0 = Release|Any CPU
		{46783B52-0B25-468A-A70B-392B4BC1168D}.Debug|Any CPU.ActiveCfg = Debug|Any CPU
		{46783B52-0B25-468A-A70B-392B4BC1168D}.Debug|Any CPU.Build.0 = Debug|Any CPU
		{46783B52-0B25-468A-A70B-392B4BC1168D}.Release|Any CPU.ActiveCfg = Release|Any CPU
		{46783B52-0B25-468A-A70B-392B4BC1168D}.Release|Any CPU.Build.0 = Release|Any CPU
		{9E9B4409-58EE-4667-8284-4349505067FC}.Debug|Any CPU.ActiveCfg = Debug|Any CPU
		{9E9B4409-58EE-4667-8284-4349505067FC}.Debug|Any CPU.Build.0 = Debug|Any CPU
		{9E9B4409-58EE-4667-8284-4349505067FC}.Release|Any CPU.ActiveCfg = Release|Any CPU
		{9E9B4409-58EE-4667-8284-4349505067FC}.Release|Any CPU.Build.0 = Release|Any CPU
		{6C52B954-7BAF-493D-85B6-EC0B66AA32B9}.Debug|Any CPU.ActiveCfg = Debug|Any CPU
		{6C52B954-7BAF-493D-85B6-EC0B66AA32B9}.Debug|Any CPU.Build.0 = Debug|Any CPU
		{6C52B954-7BAF-493D-85B6-EC0B66AA32B9}.Release|Any CPU.ActiveCfg = Release|Any CPU
		{6C52B954-7BAF-493D-85B6-EC0B66AA32B9}.Release|Any CPU.Build.0 = Release|Any CPU
		{47A74169-0839-4A47-91A7-65D94CBD365E}.Debug|Any CPU.ActiveCfg = Debug|Any CPU
		{47A74169-0839-4A47-91A7-65D94CBD365E}.Debug|Any CPU.Build.0 = Debug|Any CPU
		{47A74169-0839-4A47-91A7-65D94CBD365E}.Release|Any CPU.ActiveCfg = Release|Any CPU
		{47A74169-0839-4A47-91A7-65D94CBD365E}.Release|Any CPU.Build.0 = Release|Any CPU
		{090C511A-40BA-245F-51AA-0FDBADE4A436}.Debug|Any CPU.ActiveCfg = Debug|Any CPU
		{090C511A-40BA-245F-51AA-0FDBADE4A436}.Debug|Any CPU.Build.0 = Debug|Any CPU
		{090C511A-40BA-245F-51AA-0FDBADE4A436}.Release|Any CPU.ActiveCfg = Release|Any CPU
		{090C511A-40BA-245F-51AA-0FDBADE4A436}.Release|Any CPU.Build.0 = Release|Any CPU
		{F44728BF-32AD-7B8B-15CE-AFAF4229FE38}.Debug|Any CPU.ActiveCfg = Debug|Any CPU
		{F44728BF-32AD-7B8B-15CE-AFAF4229FE38}.Debug|Any CPU.Build.0 = Debug|Any CPU
		{F44728BF-32AD-7B8B-15CE-AFAF4229FE38}.Release|Any CPU.ActiveCfg = Release|Any CPU
		{F44728BF-32AD-7B8B-15CE-AFAF4229FE38}.Release|Any CPU.Build.0 = Release|Any CPU
		{4663116B-1D14-6159-FC31-C7E672DC1DD1}.Debug|Any CPU.ActiveCfg = Debug|Any CPU
		{4663116B-1D14-6159-FC31-C7E672DC1DD1}.Debug|Any CPU.Build.0 = Debug|Any CPU
		{4663116B-1D14-6159-FC31-C7E672DC1DD1}.Release|Any CPU.ActiveCfg = Release|Any CPU
		{4663116B-1D14-6159-FC31-C7E672DC1DD1}.Release|Any CPU.Build.0 = Release|Any CPU
		{362BF21D-E90C-43C2-82A6-E9B3BE62C2B2}.Debug|Any CPU.ActiveCfg = Debug|Any CPU
		{362BF21D-E90C-43C2-82A6-E9B3BE62C2B2}.Debug|Any CPU.Build.0 = Debug|Any CPU
		{362BF21D-E90C-43C2-82A6-E9B3BE62C2B2}.Release|Any CPU.ActiveCfg = Release|Any CPU
		{362BF21D-E90C-43C2-82A6-E9B3BE62C2B2}.Release|Any CPU.Build.0 = Release|Any CPU
		{76F26146-868C-7ABE-28AF-AABBF650D54E}.Debug|Any CPU.ActiveCfg = Debug|Any CPU
		{76F26146-868C-7ABE-28AF-AABBF650D54E}.Debug|Any CPU.Build.0 = Debug|Any CPU
		{76F26146-868C-7ABE-28AF-AABBF650D54E}.Release|Any CPU.ActiveCfg = Release|Any CPU
		{76F26146-868C-7ABE-28AF-AABBF650D54E}.Release|Any CPU.Build.0 = Release|Any CPU
		{6E430379-7643-4251-BCFC-2696799067FE}.Debug|Any CPU.ActiveCfg = Debug|Any CPU
		{6E430379-7643-4251-BCFC-2696799067FE}.Debug|Any CPU.Build.0 = Debug|Any CPU
		{6E430379-7643-4251-BCFC-2696799067FE}.Release|Any CPU.ActiveCfg = Release|Any CPU
		{6E430379-7643-4251-BCFC-2696799067FE}.Release|Any CPU.Build.0 = Release|Any CPU
		{897C1149-A0F8-4744-914F-6F86A07E59A7}.Debug|Any CPU.ActiveCfg = Debug|Any CPU
		{897C1149-A0F8-4744-914F-6F86A07E59A7}.Debug|Any CPU.Build.0 = Debug|Any CPU
		{897C1149-A0F8-4744-914F-6F86A07E59A7}.Release|Any CPU.ActiveCfg = Release|Any CPU
		{897C1149-A0F8-4744-914F-6F86A07E59A7}.Release|Any CPU.Build.0 = Release|Any CPU
		{849DC7EB-C0C8-480F-9125-4CC9386822D8}.Debug|Any CPU.ActiveCfg = Debug|Any CPU
		{849DC7EB-C0C8-480F-9125-4CC9386822D8}.Debug|Any CPU.Build.0 = Debug|Any CPU
		{849DC7EB-C0C8-480F-9125-4CC9386822D8}.Release|Any CPU.ActiveCfg = Release|Any CPU
		{849DC7EB-C0C8-480F-9125-4CC9386822D8}.Release|Any CPU.Build.0 = Release|Any CPU
		{36285B1E-E797-4A6D-B155-714ECD7DA91D}.Debug|Any CPU.ActiveCfg = Debug|Any CPU
		{36285B1E-E797-4A6D-B155-714ECD7DA91D}.Debug|Any CPU.Build.0 = Debug|Any CPU
		{36285B1E-E797-4A6D-B155-714ECD7DA91D}.Release|Any CPU.ActiveCfg = Release|Any CPU
		{36285B1E-E797-4A6D-B155-714ECD7DA91D}.Release|Any CPU.Build.0 = Release|Any CPU
		{4FCB85EA-575B-4E26-84AE-F478DD2C08EF}.Debug|Any CPU.ActiveCfg = Debug|Any CPU
		{4FCB85EA-575B-4E26-84AE-F478DD2C08EF}.Debug|Any CPU.Build.0 = Debug|Any CPU
		{4FCB85EA-575B-4E26-84AE-F478DD2C08EF}.Release|Any CPU.ActiveCfg = Release|Any CPU
		{4FCB85EA-575B-4E26-84AE-F478DD2C08EF}.Release|Any CPU.Build.0 = Release|Any CPU
		{8145CD05-BA48-442B-A9FF-3A7A00148077}.Debug|Any CPU.ActiveCfg = Debug|Any CPU
		{8145CD05-BA48-442B-A9FF-3A7A00148077}.Debug|Any CPU.Build.0 = Debug|Any CPU
		{8145CD05-BA48-442B-A9FF-3A7A00148077}.Release|Any CPU.ActiveCfg = Release|Any CPU
		{8145CD05-BA48-442B-A9FF-3A7A00148077}.Release|Any CPU.Build.0 = Release|Any CPU
		{4B96109F-2100-45C2-A8BF-80F29AE9CAA1}.Debug|Any CPU.ActiveCfg = Debug|Any CPU
		{4B96109F-2100-45C2-A8BF-80F29AE9CAA1}.Debug|Any CPU.Build.0 = Debug|Any CPU
		{4B96109F-2100-45C2-A8BF-80F29AE9CAA1}.Release|Any CPU.ActiveCfg = Release|Any CPU
		{4B96109F-2100-45C2-A8BF-80F29AE9CAA1}.Release|Any CPU.Build.0 = Release|Any CPU
	EndGlobalSection
	GlobalSection(SolutionProperties) = preSolution
		HideSolutionNode = FALSE
	EndGlobalSection
	GlobalSection(NestedProjects) = preSolution
		{46748D11-B790-4BC2-BC43-2E1360874836} = {36D591C7-65C7-A0D1-1CBC-10CDE441BDC8}
		{451B2606-E33D-42E5-9493-6FCCC13B5B76} = {36D591C7-65C7-A0D1-1CBC-10CDE441BDC8}
		{51670340-2EF4-448B-B8DE-936CCDE65A17} = {A3FC3B7B-AC51-453A-BC27-D03A0DBDC740}
		{A991AFA5-1F40-4519-B500-4111E6F2281E} = {A3FC3B7B-AC51-453A-BC27-D03A0DBDC740}
		{4B683D35-ECCB-4110-9B0D-7E669BE689A4} = {A3FC3B7B-AC51-453A-BC27-D03A0DBDC740}
		{4D053A90-9F3E-41AA-A96D-EB700C23871C} = {A3FC3B7B-AC51-453A-BC27-D03A0DBDC740}
		{5783CA7A-5678-4282-8F2B-9F6A06DF3E73} = {A3FC3B7B-AC51-453A-BC27-D03A0DBDC740}
		{8F3259A2-4DC9-402B-BC4A-397C0F08E1EA} = {A3FC3B7B-AC51-453A-BC27-D03A0DBDC740}
		{25BC9217-076B-4F49-B42B-6350526B8904} = {2F412D8A-52D9-471B-A60E-118733AC4B4A}
		{27B647AB-5F58-4BB5-8B5D-D5DB88AE5F8D} = {2F412D8A-52D9-471B-A60E-118733AC4B4A}
		{9735B52E-4D17-4A01-A022-52C872B9C193} = {2F412D8A-52D9-471B-A60E-118733AC4B4A}
		{82F6508E-F984-4743-AB87-39A0A1D735F2} = {2F412D8A-52D9-471B-A60E-118733AC4B4A}
		{3F92D97B-1616-4728-BAD9-9BBB01F7F2F6} = {4C3204E5-80AA-444F-8BBE-2844F3C33A0A}
		{2409EC62-0235-4392-8CF8-3F984ED740A9} = {4C3204E5-80AA-444F-8BBE-2844F3C33A0A}
		{60D18E84-2A95-46FB-8785-0FDBF7BC603D} = {4C3204E5-80AA-444F-8BBE-2844F3C33A0A}
		{CE4610A4-A2A9-43C4-ABD3-BA59AD868A04} = {4C3204E5-80AA-444F-8BBE-2844F3C33A0A}
		{F4D69B54-CFE8-4B00-8EB5-26438CB47440} = {4C3204E5-80AA-444F-8BBE-2844F3C33A0A}
		{5EA15BC0-556C-4BB1-A725-664A8FA260E6} = {F73ED5B6-7823-44EA-84D9-3AFCB788A9C7}
		{7BF45497-4505-4748-B002-A7BC7AE710D6} = {A34B1921-D692-4A4B-872E-9B21917B0134}
		{A1E4BE5F-9677-4AB1-A39D-F3E38E51961A} = {A34B1921-D692-4A4B-872E-9B21917B0134}
		{08C90FDA-2339-4A90-A9E8-3745321FC41E} = {A34B1921-D692-4A4B-872E-9B21917B0134}
		{38C7ACA8-0784-4355-BC83-13AB88DAE895} = {A34B1921-D692-4A4B-872E-9B21917B0134}
		{E4038FF7-57D8-4F48-BEDB-B1D287344CF7} = {53B52AA1-42C2-4FA1-A9C0-E47EC0A7E18F}
		{1DD59E36-CA1B-4B66-A53B-CD95382E1F61} = {4C3204E5-80AA-444F-8BBE-2844F3C33A0A}
		{1EFCB4E1-D522-4DB2-B09D-4D2F85893116} = {12333E9E-D4BB-41DD-9ECB-0101BDBC0640}
		{C259D1ED-E3D4-4A07-80D3-9904280E3EEE} = {12333E9E-D4BB-41DD-9ECB-0101BDBC0640}
		{39DCA665-3E2E-4C9C-861F-653CC6168D2C} = {12333E9E-D4BB-41DD-9ECB-0101BDBC0640}
		{C9F77BA2-C94F-427E-A934-5D750CA35BA5} = {114231EF-E90D-4464-BCA0-0401722BD11B}
		{3E245012-24CB-45AD-9203-EA01B3B035B6} = {114231EF-E90D-4464-BCA0-0401722BD11B}
		{90988A51-6D27-4520-B250-8A9481FE0A0B} = {114231EF-E90D-4464-BCA0-0401722BD11B}
		{C7F043E8-C752-42A8-AFAB-CE277D43B8A3} = {114231EF-E90D-4464-BCA0-0401722BD11B}
		{DD0E9B58-BDC2-4F16-A3AC-07558211512F} = {2F412D8A-52D9-471B-A60E-118733AC4B4A}
		{3938AFEE-2811-4F8B-87C0-7A4B43868EF0} = {F73ED5B6-7823-44EA-84D9-3AFCB788A9C7}
		{1722495F-C4A7-4629-B424-E68FDE1C4FB2} = {F73ED5B6-7823-44EA-84D9-3AFCB788A9C7}
		{C90E608F-4D4E-D521-8130-3C6FA70D4C4F} = {96D77ACD-07C9-4B1C-9917-3FE2B715C042}
		{E9F9234C-B905-F765-8344-539F7C336437} = {96D77ACD-07C9-4B1C-9917-3FE2B715C042}
		{00EF57BF-2C6F-7D6B-7F11-74AFDA3F5474} = {96D77ACD-07C9-4B1C-9917-3FE2B715C042}
		{A75E6A6E-E48E-AF3C-1ED8-C82270556B6B} = {96D77ACD-07C9-4B1C-9917-3FE2B715C042}
		{0E1ECA42-40B9-40F2-A83B-653034B2CB4C} = {25B99BF7-E0F3-4039-8382-091D7E8B17D2}
		{C6BEDB13-7597-4422-B1B9-F2EF0E97F0B0} = {25B99BF7-E0F3-4039-8382-091D7E8B17D2}
		{00688DBD-3C45-41CC-9C93-FA82E821583F} = {25B99BF7-E0F3-4039-8382-091D7E8B17D2}
		{6E7FE47C-A2AB-4AB2-84A3-A05F1B2BC017} = {25B99BF7-E0F3-4039-8382-091D7E8B17D2}
		{58CE1052-52CB-4395-8CF2-310643978236} = {25B99BF7-E0F3-4039-8382-091D7E8B17D2}
		{43864957-5B21-46D0-908D-B844052B6072} = {B7468130-CFB4-4659-9964-82B2A3873D1F}
		{46783B52-0B25-468A-A70B-392B4BC1168D} = {B7468130-CFB4-4659-9964-82B2A3873D1F}
		{9E9B4409-58EE-4667-8284-4349505067FC} = {B7468130-CFB4-4659-9964-82B2A3873D1F}
		{6C52B954-7BAF-493D-85B6-EC0B66AA32B9} = {B7468130-CFB4-4659-9964-82B2A3873D1F}
		{47A74169-0839-4A47-91A7-65D94CBD365E} = {12333E9E-D4BB-41DD-9ECB-0101BDBC0640}
		{090C511A-40BA-245F-51AA-0FDBADE4A436} = {8BEEA585-07D3-424B-8747-7218BA325627}
		{F44728BF-32AD-7B8B-15CE-AFAF4229FE38} = {8BEEA585-07D3-424B-8747-7218BA325627}
		{4663116B-1D14-6159-FC31-C7E672DC1DD1} = {8BEEA585-07D3-424B-8747-7218BA325627}
		{362BF21D-E90C-43C2-82A6-E9B3BE62C2B2} = {53B52AA1-42C2-4FA1-A9C0-E47EC0A7E18F}
		{76F26146-868C-7ABE-28AF-AABBF650D54E} = {53B52AA1-42C2-4FA1-A9C0-E47EC0A7E18F}
		{6E430379-7643-4251-BCFC-2696799067FE} = {BFAE29AE-A8A1-4669-9207-D6134A707EA3}
		{897C1149-A0F8-4744-914F-6F86A07E59A7} = {BFAE29AE-A8A1-4669-9207-D6134A707EA3}
		{849DC7EB-C0C8-480F-9125-4CC9386822D8} = {BFAE29AE-A8A1-4669-9207-D6134A707EA3}
		{36285B1E-E797-4A6D-B155-714ECD7DA91D} = {BFAE29AE-A8A1-4669-9207-D6134A707EA3}
		{4FCB85EA-575B-4E26-84AE-F478DD2C08EF} = {BFAE29AE-A8A1-4669-9207-D6134A707EA3}
		{8145CD05-BA48-442B-A9FF-3A7A00148077} = {53B52AA1-42C2-4FA1-A9C0-E47EC0A7E18F}
		{4B96109F-2100-45C2-A8BF-80F29AE9CAA1} = {4C3204E5-80AA-444F-8BBE-2844F3C33A0A}
	EndGlobalSection
	GlobalSection(ExtensibilityGlobals) = postSolution
		SolutionGuid = {11F13EE8-A0AE-48E4-BDD8-1661E47D9784}
	EndGlobalSection
EndGlobal
